
Microsoft Visual Studio Solution File, Format Version 12.00
# Visual Studio Version 17
VisualStudioVersion = 17.6.33815.320
MinimumVisualStudioVersion = 10.0.40219.1
Project("{FAE04EC0-301F-11D3-BF4B-00C04F79EFBC}") = "Domain", "Domain\Domain.csproj", "{38AFFA87-4325-4D2A-9F84-E737D047F860}"
EndProject
Project("{FAE04EC0-301F-11D3-BF4B-00C04F79EFBC}") = "Application", "Application\Application.csproj", "{847310E9-F894-4F65-B0B4-135DBD186D1D}"
EndProject
Project("{FAE04EC0-301F-11D3-BF4B-00C04F79EFBC}") = "Presentation", "Presentation\Presentation.csproj", "{C5A9410F-C54A-4483-899A-7CE9FEA2192D}"
EndProject
Global
	GlobalSection(SolutionConfigurationPlatforms) = preSolution
		Debug|Any CPU = Debug|Any CPU
		Release|Any CPU = Release|Any CPU
	EndGlobalSection
	GlobalSection(ProjectConfigurationPlatforms) = postSolution
		{38AFFA87-4325-4D2A-9F84-E737D047F860}.Debug|Any CPU.ActiveCfg = Debug|Any CPU
		{38AFFA87-4325-4D2A-9F84-E737D047F860}.Debug|Any CPU.Build.0 = Debug|Any CPU
		{38AFFA87-4325-4D2A-9F84-E737D047F860}.Release|Any CPU.ActiveCfg = Release|Any CPU
		{38AFFA87-4325-4D2A-9F84-E737D047F860}.Release|Any CPU.Build.0 = Release|Any CPU
		{847310E9-F894-4F65-B0B4-135DBD186D1D}.Debug|Any CPU.ActiveCfg = Debug|Any CPU
		{847310E9-F894-4F65-B0B4-135DBD186D1D}.Debug|Any CPU.Build.0 = Debug|Any CPU
		{847310E9-F894-4F65-B0B4-135DBD186D1D}.Release|Any CPU.ActiveCfg = Release|Any CPU
		{847310E9-F894-4F65-B0B4-135DBD186D1D}.Release|Any CPU.Build.0 = Release|Any CPU
		{C5A9410F-C54A-4483-899A-7CE9FEA2192D}.Debug|Any CPU.ActiveCfg = Debug|Any CPU
		{C5A9410F-C54A-4483-899A-7CE9FEA2192D}.Debug|Any CPU.Build.0 = Debug|Any CPU
		{C5A9410F-C54A-4483-899A-7CE9FEA2192D}.Release|Any CPU.ActiveCfg = Release|Any CPU
		{C5A9410F-C54A-4483-899A-7CE9FEA2192D}.Release|Any CPU.Build.0 = Release|Any CPU
	EndGlobalSection
	GlobalSection(SolutionProperties) = preSolution
		HideSolutionNode = FALSE
	EndGlobalSection
	GlobalSection(ExtensibilityGlobals) = postSolution
		SolutionGuid = {F231129E-D646-458B-8B7C-C705666CB7A8}
	EndGlobalSection
EndGlobal
